// !$*UTF8*$!
{
	archiveVersion = 1;
	classes = {
	};
	objectVersion = 50;
	objects = {

/* Begin PBXBuildFile section */
		97173FCD24563498009D681C /* SettingsViewModel.swift in Sources */ = {isa = PBXBuildFile; fileRef = 97173FCC24563498009D681C /* SettingsViewModel.swift */; };
		97730BA72456404800583142 /* StyledTextField.swift in Sources */ = {isa = PBXBuildFile; fileRef = 97730BA62456404800583142 /* StyledTextField.swift */; };
		97730BA924570BFC00583142 /* PlaceholderViewController.swift in Sources */ = {isa = PBXBuildFile; fileRef = 97730BA824570BFC00583142 /* PlaceholderViewController.swift */; };
		97DCED812455C74200706A91 /* AppDelegate.swift in Sources */ = {isa = PBXBuildFile; fileRef = 97DCED802455C74200706A91 /* AppDelegate.swift */; };
		97DCED832455C74200706A91 /* SceneDelegate.swift in Sources */ = {isa = PBXBuildFile; fileRef = 97DCED822455C74200706A91 /* SceneDelegate.swift */; };
		97DCED852455C74200706A91 /* SettingsViewController.swift in Sources */ = {isa = PBXBuildFile; fileRef = 97DCED842455C74200706A91 /* SettingsViewController.swift */; };
		97DCED8A2455C74700706A91 /* Assets.xcassets in Resources */ = {isa = PBXBuildFile; fileRef = 97DCED892455C74700706A91 /* Assets.xcassets */; };
		97DCED8D2455C74700706A91 /* LaunchScreen.storyboard in Resources */ = {isa = PBXBuildFile; fileRef = 97DCED8B2455C74700706A91 /* LaunchScreen.storyboard */; };
		97DCED982455C74800706A91 /* PasscodeUtilityTests.swift in Sources */ = {isa = PBXBuildFile; fileRef = 97DCED972455C74800706A91 /* PasscodeUtilityTests.swift */; };
		97DCEDA72455CB2600706A91 /* KeychainUtility.swift in Sources */ = {isa = PBXBuildFile; fileRef = 97DCEDA62455CB2600706A91 /* KeychainUtility.swift */; };
		97DCEDA92455CEC900706A91 /* KeychainQueryable.swift in Sources */ = {isa = PBXBuildFile; fileRef = 97DCEDA82455CEC900706A91 /* KeychainQueryable.swift */; };
		97DCEDAB2455CEDC00706A91 /* KeychainError.swift in Sources */ = {isa = PBXBuildFile; fileRef = 97DCEDAA2455CEDC00706A91 /* KeychainError.swift */; };
		97DCEDAE2455D4D800706A91 /* PasscodeQuery.swift in Sources */ = {isa = PBXBuildFile; fileRef = 97DCEDAD2455D4D800706A91 /* PasscodeQuery.swift */; };
		97DCEDB12455D78200706A91 /* PasscodeUtility.swift in Sources */ = {isa = PBXBuildFile; fileRef = 97DCEDB02455D78200706A91 /* PasscodeUtility.swift */; };
		97DCEDB42455DB9E00706A91 /* PasscodeError.swift in Sources */ = {isa = PBXBuildFile; fileRef = 97DCEDB32455DB9E00706A91 /* PasscodeError.swift */; };
		97DCEDB62455E36100706A91 /* Passcode.swift in Sources */ = {isa = PBXBuildFile; fileRef = 97DCEDB52455E36100706A91 /* Passcode.swift */; };
		97DCEDB8245602BA00706A91 /* PasscodeTests.swift in Sources */ = {isa = PBXBuildFile; fileRef = 97DCEDB7245602B900706A91 /* PasscodeTests.swift */; };
		97DCEDBA24561F0900706A91 /* PasscodeViewController.swift in Sources */ = {isa = PBXBuildFile; fileRef = 97DCEDB924561F0900706A91 /* PasscodeViewController.swift */; };
		97DCEDBC24561FAD00706A91 /* BaseViewController.swift in Sources */ = {isa = PBXBuildFile; fileRef = 97DCEDBB24561FAD00706A91 /* BaseViewController.swift */; };
		97DCEDBE245627FD00706A91 /* PasscodeViewModel.swift in Sources */ = {isa = PBXBuildFile; fileRef = 97DCEDBD245627FD00706A91 /* PasscodeViewModel.swift */; };
/* End PBXBuildFile section */

/* Begin PBXContainerItemProxy section */
		97DCED942455C74800706A91 /* PBXContainerItemProxy */ = {
			isa = PBXContainerItemProxy;
			containerPortal = 97DCED752455C74200706A91 /* Project object */;
			proxyType = 1;
			remoteGlobalIDString = 97DCED7C2455C74200706A91;
			remoteInfo = passcode;
		};
/* End PBXContainerItemProxy section */

/* Begin PBXFileReference section */
		97173FCC24563498009D681C /* SettingsViewModel.swift */ = {isa = PBXFileReference; lastKnownFileType = sourcecode.swift; path = SettingsViewModel.swift; sourceTree = "<group>"; };
		97730BA62456404800583142 /* StyledTextField.swift */ = {isa = PBXFileReference; fileEncoding = 4; lastKnownFileType = sourcecode.swift; path = StyledTextField.swift; sourceTree = "<group>"; };
		97730BA824570BFC00583142 /* PlaceholderViewController.swift */ = {isa = PBXFileReference; lastKnownFileType = sourcecode.swift; path = PlaceholderViewController.swift; sourceTree = "<group>"; };
		97DCED7D2455C74200706A91 /* passcode.app */ = {isa = PBXFileReference; explicitFileType = wrapper.application; includeInIndex = 0; path = passcode.app; sourceTree = BUILT_PRODUCTS_DIR; };
		97DCED802455C74200706A91 /* AppDelegate.swift */ = {isa = PBXFileReference; lastKnownFileType = sourcecode.swift; path = AppDelegate.swift; sourceTree = "<group>"; };
		97DCED822455C74200706A91 /* SceneDelegate.swift */ = {isa = PBXFileReference; lastKnownFileType = sourcecode.swift; path = SceneDelegate.swift; sourceTree = "<group>"; };
		97DCED842455C74200706A91 /* SettingsViewController.swift */ = {isa = PBXFileReference; lastKnownFileType = sourcecode.swift; path = SettingsViewController.swift; sourceTree = "<group>"; };
		97DCED892455C74700706A91 /* Assets.xcassets */ = {isa = PBXFileReference; lastKnownFileType = folder.assetcatalog; path = Assets.xcassets; sourceTree = "<group>"; };
		97DCED8C2455C74700706A91 /* Base */ = {isa = PBXFileReference; lastKnownFileType = file.storyboard; name = Base; path = Base.lproj/LaunchScreen.storyboard; sourceTree = "<group>"; };
		97DCED8E2455C74700706A91 /* Info.plist */ = {isa = PBXFileReference; lastKnownFileType = text.plist.xml; path = Info.plist; sourceTree = "<group>"; };
		97DCED932455C74800706A91 /* passcodeTests.xctest */ = {isa = PBXFileReference; explicitFileType = wrapper.cfbundle; includeInIndex = 0; path = passcodeTests.xctest; sourceTree = BUILT_PRODUCTS_DIR; };
		97DCED972455C74800706A91 /* PasscodeUtilityTests.swift */ = {isa = PBXFileReference; lastKnownFileType = sourcecode.swift; path = PasscodeUtilityTests.swift; sourceTree = "<group>"; };
		97DCED992455C74800706A91 /* Info.plist */ = {isa = PBXFileReference; lastKnownFileType = text.plist.xml; path = Info.plist; sourceTree = "<group>"; };
		97DCEDA62455CB2600706A91 /* KeychainUtility.swift */ = {isa = PBXFileReference; lastKnownFileType = sourcecode.swift; path = KeychainUtility.swift; sourceTree = "<group>"; };
		97DCEDA82455CEC900706A91 /* KeychainQueryable.swift */ = {isa = PBXFileReference; lastKnownFileType = sourcecode.swift; path = KeychainQueryable.swift; sourceTree = "<group>"; };
		97DCEDAA2455CEDC00706A91 /* KeychainError.swift */ = {isa = PBXFileReference; lastKnownFileType = sourcecode.swift; path = KeychainError.swift; sourceTree = "<group>"; };
		97DCEDAD2455D4D800706A91 /* PasscodeQuery.swift */ = {isa = PBXFileReference; lastKnownFileType = sourcecode.swift; path = PasscodeQuery.swift; sourceTree = "<group>"; };
		97DCEDB02455D78200706A91 /* PasscodeUtility.swift */ = {isa = PBXFileReference; lastKnownFileType = sourcecode.swift; path = PasscodeUtility.swift; sourceTree = "<group>"; };
		97DCEDB32455DB9E00706A91 /* PasscodeError.swift */ = {isa = PBXFileReference; lastKnownFileType = sourcecode.swift; path = PasscodeError.swift; sourceTree = "<group>"; };
		97DCEDB52455E36100706A91 /* Passcode.swift */ = {isa = PBXFileReference; lastKnownFileType = sourcecode.swift; path = Passcode.swift; sourceTree = "<group>"; };
		97DCEDB7245602B900706A91 /* PasscodeTests.swift */ = {isa = PBXFileReference; lastKnownFileType = sourcecode.swift; path = PasscodeTests.swift; sourceTree = "<group>"; };
		97DCEDB924561F0900706A91 /* PasscodeViewController.swift */ = {isa = PBXFileReference; lastKnownFileType = sourcecode.swift; path = PasscodeViewController.swift; sourceTree = "<group>"; };
		97DCEDBB24561FAD00706A91 /* BaseViewController.swift */ = {isa = PBXFileReference; lastKnownFileType = sourcecode.swift; path = BaseViewController.swift; sourceTree = "<group>"; };
		97DCEDBD245627FD00706A91 /* PasscodeViewModel.swift */ = {isa = PBXFileReference; lastKnownFileType = sourcecode.swift; path = PasscodeViewModel.swift; sourceTree = "<group>"; };
/* End PBXFileReference section */

/* Begin PBXFrameworksBuildPhase section */
		97DCED7A2455C74200706A91 /* Frameworks */ = {
			isa = PBXFrameworksBuildPhase;
			buildActionMask = 2147483647;
			files = (
			);
			runOnlyForDeploymentPostprocessing = 0;
		};
		97DCED902455C74800706A91 /* Frameworks */ = {
			isa = PBXFrameworksBuildPhase;
			buildActionMask = 2147483647;
			files = (
			);
			runOnlyForDeploymentPostprocessing = 0;
		};
/* End PBXFrameworksBuildPhase section */

/* Begin PBXGroup section */
		97173FCB2456347F009D681C /* Settings */ = {
			isa = PBXGroup;
			children = (
				97DCED842455C74200706A91 /* SettingsViewController.swift */,
				97173FCC24563498009D681C /* SettingsViewModel.swift */,
			);
			path = Settings;
			sourceTree = "<group>";
		};
		97730BA52456402F00583142 /* Views */ = {
			isa = PBXGroup;
			children = (
				97730BA62456404800583142 /* StyledTextField.swift */,
			);
			path = Views;
			sourceTree = "<group>";
		};
		97DCED742455C74200706A91 = {
			isa = PBXGroup;
			children = (
				97DCED7F2455C74200706A91 /* passcode */,
				97DCED962455C74800706A91 /* passcodeTests */,
				97DCED7E2455C74200706A91 /* Products */,
			);
			sourceTree = "<group>";
		};
		97DCED7E2455C74200706A91 /* Products */ = {
			isa = PBXGroup;
			children = (
				97DCED7D2455C74200706A91 /* passcode.app */,
				97DCED932455C74800706A91 /* passcodeTests.xctest */,
			);
			name = Products;
			sourceTree = "<group>";
		};
		97DCED7F2455C74200706A91 /* passcode */ = {
			isa = PBXGroup;
			children = (
				97DCED802455C74200706A91 /* AppDelegate.swift */,
				97DCED822455C74200706A91 /* SceneDelegate.swift */,
				97DCED8E2455C74700706A91 /* Info.plist */,
				97DCEDA32455C7B600706A91 /* Resource */,
				97DCEDA22455C7A800706A91 /* Source */,
			);
			path = passcode;
			sourceTree = "<group>";
		};
		97DCED962455C74800706A91 /* passcodeTests */ = {
			isa = PBXGroup;
			children = (
				97DCEDB7245602B900706A91 /* PasscodeTests.swift */,
				97DCED972455C74800706A91 /* PasscodeUtilityTests.swift */,
				97DCED992455C74800706A91 /* Info.plist */,
			);
			path = passcodeTests;
			sourceTree = "<group>";
		};
		97DCEDA22455C7A800706A91 /* Source */ = {
			isa = PBXGroup;
			children = (
				97DCEDAC2455D4CC00706A91 /* Models */,
				97DCEDA52455CB1200706A91 /* Utilities */,
				97730BA52456402F00583142 /* Views */,
				97DCEDA42455CB0600706A91 /* ViewControllers */,
			);
			path = Source;
			sourceTree = "<group>";
		};
		97DCEDA32455C7B600706A91 /* Resource */ = {
			isa = PBXGroup;
			children = (
				97DCED892455C74700706A91 /* Assets.xcassets */,
				97DCED8B2455C74700706A91 /* LaunchScreen.storyboard */,
			);
			path = Resource;
			sourceTree = "<group>";
		};
		97DCEDA42455CB0600706A91 /* ViewControllers */ = {
			isa = PBXGroup;
			children = (
				97DCEDBB24561FAD00706A91 /* BaseViewController.swift */,
				97730BA824570BFC00583142 /* PlaceholderViewController.swift */,
				97173FCB2456347F009D681C /* Settings */,
				97DCEDBF2456283700706A91 /* Passcode */,
			);
			path = ViewControllers;
			sourceTree = "<group>";
		};
		97DCEDA52455CB1200706A91 /* Utilities */ = {
			isa = PBXGroup;
			children = (
				97DCEDAF2455D76500706A91 /* Keychain */,
				97DCEDB22455D7A100706A91 /* Passcode */,
			);
			path = Utilities;
			sourceTree = "<group>";
		};
		97DCEDAC2455D4CC00706A91 /* Models */ = {
			isa = PBXGroup;
			children = (
				97DCEDB52455E36100706A91 /* Passcode.swift */,
			);
			path = Models;
			sourceTree = "<group>";
		};
		97DCEDAF2455D76500706A91 /* Keychain */ = {
			isa = PBXGroup;
			children = (
				97DCEDA62455CB2600706A91 /* KeychainUtility.swift */,
				97DCEDA82455CEC900706A91 /* KeychainQueryable.swift */,
				97DCEDAA2455CEDC00706A91 /* KeychainError.swift */,
			);
			path = Keychain;
			sourceTree = "<group>";
		};
		97DCEDB22455D7A100706A91 /* Passcode */ = {
			isa = PBXGroup;
			children = (
				97DCEDB02455D78200706A91 /* PasscodeUtility.swift */,
				97DCEDB32455DB9E00706A91 /* PasscodeError.swift */,
				97DCEDAD2455D4D800706A91 /* PasscodeQuery.swift */,
			);
			path = Passcode;
			sourceTree = "<group>";
		};
		97DCEDBF2456283700706A91 /* Passcode */ = {
			isa = PBXGroup;
			children = (
				97DCEDB924561F0900706A91 /* PasscodeViewController.swift */,
				97DCEDBD245627FD00706A91 /* PasscodeViewModel.swift */,
			);
			path = Passcode;
			sourceTree = "<group>";
		};
/* End PBXGroup section */

/* Begin PBXNativeTarget section */
		97DCED7C2455C74200706A91 /* passcode */ = {
			isa = PBXNativeTarget;
			buildConfigurationList = 97DCED9C2455C74800706A91 /* Build configuration list for PBXNativeTarget "passcode" */;
			buildPhases = (
				97DCED792455C74200706A91 /* Sources */,
				97DCED7A2455C74200706A91 /* Frameworks */,
				97DCED7B2455C74200706A91 /* Resources */,
			);
			buildRules = (
			);
			dependencies = (
			);
			name = passcode;
			productName = passcode;
			productReference = 97DCED7D2455C74200706A91 /* passcode.app */;
			productType = "com.apple.product-type.application";
		};
		97DCED922455C74800706A91 /* passcodeTests */ = {
			isa = PBXNativeTarget;
			buildConfigurationList = 97DCED9F2455C74800706A91 /* Build configuration list for PBXNativeTarget "passcodeTests" */;
			buildPhases = (
				97DCED8F2455C74800706A91 /* Sources */,
				97DCED902455C74800706A91 /* Frameworks */,
				97DCED912455C74800706A91 /* Resources */,
			);
			buildRules = (
			);
			dependencies = (
				97DCED952455C74800706A91 /* PBXTargetDependency */,
			);
			name = passcodeTests;
			productName = passcodeTests;
			productReference = 97DCED932455C74800706A91 /* passcodeTests.xctest */;
			productType = "com.apple.product-type.bundle.unit-test";
		};
/* End PBXNativeTarget section */

/* Begin PBXProject section */
		97DCED752455C74200706A91 /* Project object */ = {
			isa = PBXProject;
			attributes = {
				LastSwiftUpdateCheck = 1140;
				LastUpgradeCheck = 1140;
				ORGANIZATIONNAME = "Rifeng Ding";
				TargetAttributes = {
					97DCED7C2455C74200706A91 = {
						CreatedOnToolsVersion = 11.4.1;
					};
					97DCED922455C74800706A91 = {
						CreatedOnToolsVersion = 11.4.1;
						TestTargetID = 97DCED7C2455C74200706A91;
					};
				};
			};
			buildConfigurationList = 97DCED782455C74200706A91 /* Build configuration list for PBXProject "passcode" */;
			compatibilityVersion = "Xcode 9.3";
			developmentRegion = en;
			hasScannedForEncodings = 0;
			knownRegions = (
				en,
				Base,
			);
			mainGroup = 97DCED742455C74200706A91;
			productRefGroup = 97DCED7E2455C74200706A91 /* Products */;
			projectDirPath = "";
			projectRoot = "";
			targets = (
				97DCED7C2455C74200706A91 /* passcode */,
				97DCED922455C74800706A91 /* passcodeTests */,
			);
		};
/* End PBXProject section */

/* Begin PBXResourcesBuildPhase section */
		97DCED7B2455C74200706A91 /* Resources */ = {
			isa = PBXResourcesBuildPhase;
			buildActionMask = 2147483647;
			files = (
				97DCED8D2455C74700706A91 /* LaunchScreen.storyboard in Resources */,
				97DCED8A2455C74700706A91 /* Assets.xcassets in Resources */,
			);
			runOnlyForDeploymentPostprocessing = 0;
		};
		97DCED912455C74800706A91 /* Resources */ = {
			isa = PBXResourcesBuildPhase;
			buildActionMask = 2147483647;
			files = (
			);
			runOnlyForDeploymentPostprocessing = 0;
		};
/* End PBXResourcesBuildPhase section */

/* Begin PBXSourcesBuildPhase section */
		97DCED792455C74200706A91 /* Sources */ = {
			isa = PBXSourcesBuildPhase;
			buildActionMask = 2147483647;
			files = (
				97DCEDAB2455CEDC00706A91 /* KeychainError.swift in Sources */,
				97DCEDBA24561F0900706A91 /* PasscodeViewController.swift in Sources */,
				97DCEDB62455E36100706A91 /* Passcode.swift in Sources */,
				97DCEDAE2455D4D800706A91 /* PasscodeQuery.swift in Sources */,
				97DCEDA72455CB2600706A91 /* KeychainUtility.swift in Sources */,
				97DCEDBC24561FAD00706A91 /* BaseViewController.swift in Sources */,
				97DCED852455C74200706A91 /* SettingsViewController.swift in Sources */,
				97DCEDA92455CEC900706A91 /* KeychainQueryable.swift in Sources */,
				97DCED812455C74200706A91 /* AppDelegate.swift in Sources */,
				97DCEDB12455D78200706A91 /* PasscodeUtility.swift in Sources */,
				97DCED832455C74200706A91 /* SceneDelegate.swift in Sources */,
				97DCEDB42455DB9E00706A91 /* PasscodeError.swift in Sources */,
				97730BA924570BFC00583142 /* PlaceholderViewController.swift in Sources */,
				97DCEDBE245627FD00706A91 /* PasscodeViewModel.swift in Sources */,
				97730BA72456404800583142 /* StyledTextField.swift in Sources */,
				97173FCD24563498009D681C /* SettingsViewModel.swift in Sources */,
			);
			runOnlyForDeploymentPostprocessing = 0;
		};
		97DCED8F2455C74800706A91 /* Sources */ = {
			isa = PBXSourcesBuildPhase;
			buildActionMask = 2147483647;
			files = (
				97DCED982455C74800706A91 /* PasscodeUtilityTests.swift in Sources */,
				97DCEDB8245602BA00706A91 /* PasscodeTests.swift in Sources */,
			);
			runOnlyForDeploymentPostprocessing = 0;
		};
/* End PBXSourcesBuildPhase section */

/* Begin PBXTargetDependency section */
		97DCED952455C74800706A91 /* PBXTargetDependency */ = {
			isa = PBXTargetDependency;
			target = 97DCED7C2455C74200706A91 /* passcode */;
			targetProxy = 97DCED942455C74800706A91 /* PBXContainerItemProxy */;
		};
/* End PBXTargetDependency section */

/* Begin PBXVariantGroup section */
		97DCED8B2455C74700706A91 /* LaunchScreen.storyboard */ = {
			isa = PBXVariantGroup;
			children = (
				97DCED8C2455C74700706A91 /* Base */,
			);
			name = LaunchScreen.storyboard;
			sourceTree = "<group>";
		};
/* End PBXVariantGroup section */

/* Begin XCBuildConfiguration section */
		97DCED9A2455C74800706A91 /* Debug */ = {
			isa = XCBuildConfiguration;
			buildSettings = {
				ALWAYS_SEARCH_USER_PATHS = NO;
				CLANG_ANALYZER_NONNULL = YES;
				CLANG_ANALYZER_NUMBER_OBJECT_CONVERSION = YES_AGGRESSIVE;
				CLANG_CXX_LANGUAGE_STANDARD = "gnu++14";
				CLANG_CXX_LIBRARY = "libc++";
				CLANG_ENABLE_MODULES = YES;
				CLANG_ENABLE_OBJC_ARC = YES;
				CLANG_ENABLE_OBJC_WEAK = YES;
				CLANG_WARN_BLOCK_CAPTURE_AUTORELEASING = YES;
				CLANG_WARN_BOOL_CONVERSION = YES;
				CLANG_WARN_COMMA = YES;
				CLANG_WARN_CONSTANT_CONVERSION = YES;
				CLANG_WARN_DEPRECATED_OBJC_IMPLEMENTATIONS = YES;
				CLANG_WARN_DIRECT_OBJC_ISA_USAGE = YES_ERROR;
				CLANG_WARN_DOCUMENTATION_COMMENTS = YES;
				CLANG_WARN_EMPTY_BODY = YES;
				CLANG_WARN_ENUM_CONVERSION = YES;
				CLANG_WARN_INFINITE_RECURSION = YES;
				CLANG_WARN_INT_CONVERSION = YES;
				CLANG_WARN_NON_LITERAL_NULL_CONVERSION = YES;
				CLANG_WARN_OBJC_IMPLICIT_RETAIN_SELF = YES;
				CLANG_WARN_OBJC_LITERAL_CONVERSION = YES;
				CLANG_WARN_OBJC_ROOT_CLASS = YES_ERROR;
				CLANG_WARN_RANGE_LOOP_ANALYSIS = YES;
				CLANG_WARN_STRICT_PROTOTYPES = YES;
				CLANG_WARN_SUSPICIOUS_MOVE = YES;
				CLANG_WARN_UNGUARDED_AVAILABILITY = YES_AGGRESSIVE;
				CLANG_WARN_UNREACHABLE_CODE = YES;
				CLANG_WARN__DUPLICATE_METHOD_MATCH = YES;
				COPY_PHASE_STRIP = NO;
				DEBUG_INFORMATION_FORMAT = dwarf;
				ENABLE_STRICT_OBJC_MSGSEND = YES;
				ENABLE_TESTABILITY = YES;
				GCC_C_LANGUAGE_STANDARD = gnu11;
				GCC_DYNAMIC_NO_PIC = NO;
				GCC_NO_COMMON_BLOCKS = YES;
				GCC_OPTIMIZATION_LEVEL = 0;
				GCC_PREPROCESSOR_DEFINITIONS = (
					"DEBUG=1",
					"$(inherited)",
				);
				GCC_WARN_64_TO_32_BIT_CONVERSION = YES;
				GCC_WARN_ABOUT_RETURN_TYPE = YES_ERROR;
				GCC_WARN_UNDECLARED_SELECTOR = YES;
				GCC_WARN_UNINITIALIZED_AUTOS = YES_AGGRESSIVE;
				GCC_WARN_UNUSED_FUNCTION = YES;
				GCC_WARN_UNUSED_VARIABLE = YES;
				IPHONEOS_DEPLOYMENT_TARGET = 13.4;
				MTL_ENABLE_DEBUG_INFO = INCLUDE_SOURCE;
				MTL_FAST_MATH = YES;
				ONLY_ACTIVE_ARCH = YES;
				SDKROOT = iphoneos;
				SWIFT_ACTIVE_COMPILATION_CONDITIONS = DEBUG;
				SWIFT_OPTIMIZATION_LEVEL = "-Onone";
			};
			name = Debug;
		};
		97DCED9B2455C74800706A91 /* Release */ = {
			isa = XCBuildConfiguration;
			buildSettings = {
				ALWAYS_SEARCH_USER_PATHS = NO;
				CLANG_ANALYZER_NONNULL = YES;
				CLANG_ANALYZER_NUMBER_OBJECT_CONVERSION = YES_AGGRESSIVE;
				CLANG_CXX_LANGUAGE_STANDARD = "gnu++14";
				CLANG_CXX_LIBRARY = "libc++";
				CLANG_ENABLE_MODULES = YES;
				CLANG_ENABLE_OBJC_ARC = YES;
				CLANG_ENABLE_OBJC_WEAK = YES;
				CLANG_WARN_BLOCK_CAPTURE_AUTORELEASING = YES;
				CLANG_WARN_BOOL_CONVERSION = YES;
				CLANG_WARN_COMMA = YES;
				CLANG_WARN_CONSTANT_CONVERSION = YES;
				CLANG_WARN_DEPRECATED_OBJC_IMPLEMENTATIONS = YES;
				CLANG_WARN_DIRECT_OBJC_ISA_USAGE = YES_ERROR;
				CLANG_WARN_DOCUMENTATION_COMMENTS = YES;
				CLANG_WARN_EMPTY_BODY = YES;
				CLANG_WARN_ENUM_CONVERSION = YES;
				CLANG_WARN_INFINITE_RECURSION = YES;
				CLANG_WARN_INT_CONVERSION = YES;
				CLANG_WARN_NON_LITERAL_NULL_CONVERSION = YES;
				CLANG_WARN_OBJC_IMPLICIT_RETAIN_SELF = YES;
				CLANG_WARN_OBJC_LITERAL_CONVERSION = YES;
				CLANG_WARN_OBJC_ROOT_CLASS = YES_ERROR;
				CLANG_WARN_RANGE_LOOP_ANALYSIS = YES;
				CLANG_WARN_STRICT_PROTOTYPES = YES;
				CLANG_WARN_SUSPICIOUS_MOVE = YES;
				CLANG_WARN_UNGUARDED_AVAILABILITY = YES_AGGRESSIVE;
				CLANG_WARN_UNREACHABLE_CODE = YES;
				CLANG_WARN__DUPLICATE_METHOD_MATCH = YES;
				COPY_PHASE_STRIP = NO;
				DEBUG_INFORMATION_FORMAT = "dwarf-with-dsym";
				ENABLE_NS_ASSERTIONS = NO;
				ENABLE_STRICT_OBJC_MSGSEND = YES;
				GCC_C_LANGUAGE_STANDARD = gnu11;
				GCC_NO_COMMON_BLOCKS = YES;
				GCC_WARN_64_TO_32_BIT_CONVERSION = YES;
				GCC_WARN_ABOUT_RETURN_TYPE = YES_ERROR;
				GCC_WARN_UNDECLARED_SELECTOR = YES;
				GCC_WARN_UNINITIALIZED_AUTOS = YES_AGGRESSIVE;
				GCC_WARN_UNUSED_FUNCTION = YES;
				GCC_WARN_UNUSED_VARIABLE = YES;
				IPHONEOS_DEPLOYMENT_TARGET = 13.4;
				MTL_ENABLE_DEBUG_INFO = NO;
				MTL_FAST_MATH = YES;
				SDKROOT = iphoneos;
				SWIFT_COMPILATION_MODE = wholemodule;
				SWIFT_OPTIMIZATION_LEVEL = "-O";
				VALIDATE_PRODUCT = YES;
			};
			name = Release;
		};
		97DCED9D2455C74800706A91 /* Debug */ = {
			isa = XCBuildConfiguration;
			buildSettings = {
				ASSETCATALOG_COMPILER_APPICON_NAME = AppIcon;
				CODE_SIGN_IDENTITY = "iPhone Developer";
				CODE_SIGN_STYLE = Manual;
				DEVELOPMENT_TEAM = 4FVQPRS8SG;
				INFOPLIST_FILE = passcode/Info.plist;
				LD_RUNPATH_SEARCH_PATHS = (
					"$(inherited)",
					"@executable_path/Frameworks",
				);
				PRODUCT_BUNDLE_IDENTIFIER = "com.rifeng-ding.passcode";
				PRODUCT_NAME = "$(TARGET_NAME)";
				PROVISIONING_PROFILE_SPECIFIER = "Development Wildcard";
				SWIFT_VERSION = 5.0;
				TARGETED_DEVICE_FAMILY = "1,2";
			};
			name = Debug;
		};
		97DCED9E2455C74800706A91 /* Release */ = {
			isa = XCBuildConfiguration;
			buildSettings = {
				ASSETCATALOG_COMPILER_APPICON_NAME = AppIcon;
				CODE_SIGN_IDENTITY = "iPhone Developer";
				CODE_SIGN_STYLE = Manual;
				DEVELOPMENT_TEAM = 4FVQPRS8SG;
				INFOPLIST_FILE = passcode/Info.plist;
				LD_RUNPATH_SEARCH_PATHS = (
					"$(inherited)",
					"@executable_path/Frameworks",
				);
				PRODUCT_BUNDLE_IDENTIFIER = "com.rifeng-ding.passcode";
				PRODUCT_NAME = "$(TARGET_NAME)";
				PROVISIONING_PROFILE_SPECIFIER = "Development Wildcard";
				SWIFT_VERSION = 5.0;
				TARGETED_DEVICE_FAMILY = "1,2";
			};
			name = Release;
		};
		97DCEDA02455C74800706A91 /* Debug */ = {
			isa = XCBuildConfiguration;
			buildSettings = {
				ALWAYS_EMBED_SWIFT_STANDARD_LIBRARIES = YES;
				BUNDLE_LOADER = "$(TEST_HOST)";
				CODE_SIGN_STYLE = Automatic;
				INFOPLIST_FILE = passcodeTests/Info.plist;
				IPHONEOS_DEPLOYMENT_TARGET = 13.4;
				LD_RUNPATH_SEARCH_PATHS = (
					"$(inherited)",
					"@executable_path/Frameworks",
					"@loader_path/Frameworks",
				);
				PRODUCT_BUNDLE_IDENTIFIER = "com.rifeng-ding.passcodeTests";
				PRODUCT_NAME = "$(TARGET_NAME)";
				SWIFT_VERSION = 5.0;
				TARGETED_DEVICE_FAMILY = "1,2";
				TEST_HOST = "$(BUILT_PRODUCTS_DIR)/passcode.app/passcode";
			};
			name = Debug;
		};
		97DCEDA12455C74800706A91 /* Release */ = {
			isa = XCBuildConfiguration;
			buildSettings = {
				ALWAYS_EMBED_SWIFT_STANDARD_LIBRARIES = YES;
				BUNDLE_LOADER = "$(TEST_HOST)";
				CODE_SIGN_STYLE = Automatic;
				INFOPLIST_FILE = passcodeTests/Info.plist;
				IPHONEOS_DEPLOYMENT_TARGET = 13.4;
				LD_RUNPATH_SEARCH_PATHS = (
					"$(inherited)",
					"@executable_path/Frameworks",
					"@loader_path/Frameworks",
				);
				PRODUCT_BUNDLE_IDENTIFIER = "com.rifeng-ding.passcodeTests";
				PRODUCT_NAME = "$(TARGET_NAME)";
				SWIFT_VERSION = 5.0;
				TARGETED_DEVICE_FAMILY = "1,2";
				TEST_HOST = "$(BUILT_PRODUCTS_DIR)/passcode.app/passcode";
			};
			name = Release;
		};
/* End XCBuildConfiguration section */

/* Begin XCConfigurationList section */
		97DCED782455C74200706A91 /* Build configuration list for PBXProject "passcode" */ = {
			isa = XCConfigurationList;
			buildConfigurations = (
				97DCED9A2455C74800706A91 /* Debug */,
				97DCED9B2455C74800706A91 /* Release */,
			);
			defaultConfigurationIsVisible = 0;
			defaultConfigurationName = Release;
		};
		97DCED9C2455C74800706A91 /* Build configuration list for PBXNativeTarget "passcode" */ = {
			isa = XCConfigurationList;
			buildConfigurations = (
				97DCED9D2455C74800706A91 /* Debug */,
				97DCED9E2455C74800706A91 /* Release */,
			);
			defaultConfigurationIsVisible = 0;
			defaultConfigurationName = Release;
		};
		97DCED9F2455C74800706A91 /* Build configuration list for PBXNativeTarget "passcodeTests" */ = {
			isa = XCConfigurationList;
			buildConfigurations = (
				97DCEDA02455C74800706A91 /* Debug */,
				97DCEDA12455C74800706A91 /* Release */,
			);
			defaultConfigurationIsVisible = 0;
			defaultConfigurationName = Release;
		};
/* End XCConfigurationList section */
	};
	rootObject = 97DCED752455C74200706A91 /* Project object */;
}
